
Microsoft Visual Studio Solution File, Format Version 12.00
# Visual Studio Version 17
VisualStudioVersion = 17.3.32714.290
MinimumVisualStudioVersion = 10.0.40219.1
Project("{FAE04EC0-301F-11D3-BF4B-00C04F79EFBC}") = "ExtremeCloudCHasers_D1", "ExtremeCloudCHasers_D1\ExtremeCloudCHasers_D1.csproj", "{5A8FC351-188B-4F2B-8D48-588093454667}"
EndProject
Global
	GlobalSection(SolutionConfigurationPlatforms) = preSolution
		Debug|Any CPU = Debug|Any CPU
		Release|Any CPU = Release|Any CPU
	EndGlobalSection
	GlobalSection(ProjectConfigurationPlatforms) = postSolution
		{5A8FC351-188B-4F2B-8D48-588093454667}.Debug|Any CPU.ActiveCfg = Debug|Any CPU
		{5A8FC351-188B-4F2B-8D48-588093454667}.Debug|Any CPU.Build.0 = Debug|Any CPU
		{5A8FC351-188B-4F2B-8D48-588093454667}.Release|Any CPU.ActiveCfg = Release|Any CPU
		{5A8FC351-188B-4F2B-8D48-588093454667}.Release|Any CPU.Build.0 = Release|Any CPU
	EndGlobalSection
	GlobalSection(SolutionProperties) = preSolution
		HideSolutionNode = FALSE
	EndGlobalSection
	GlobalSection(ExtensibilityGlobals) = postSolution
		SolutionGuid = {D84DFC7E-B8B5-4A9A-BA57-770221C836A9}
	EndGlobalSection
EndGlobal
